
Microsoft Visual Studio Solution File, Format Version 12.00
# Visual Studio Version 17
VisualStudioVersion = 17.12.35707.178
MinimumVisualStudioVersion = 10.0.40219.1
Project("{FAE04EC0-301F-11D3-BF4B-00C04F79EFBC}") = "HackathonAPI", "HackathonAPI\HackathonAPI.csproj", "{81B72D2F-84E1-4141-A13E-C8B02418D6AF}"
EndProject
Project("{FAE04EC0-301F-11D3-BF4B-00C04F79EFBC}") = "HackathonMCRServer", "HackathonMCRServer\HackathonMCRServer.csproj", "{7D2DBEF1-5B70-49C8-BBF5-47819B433E75}"
EndProject
Global
	GlobalSection(SolutionConfigurationPlatforms) = preSolution
		Debug|Any CPU = Debug|Any CPU
		Release|Any CPU = Release|Any CPU
	EndGlobalSection
	GlobalSection(ProjectConfigurationPlatforms) = postSolution
		{81B72D2F-84E1-4141-A13E-C8B02418D6AF}.Debug|Any CPU.ActiveCfg = Debug|Any CPU
		{81B72D2F-84E1-4141-A13E-C8B02418D6AF}.Debug|Any CPU.Build.0 = Debug|Any CPU
		{81B72D2F-84E1-4141-A13E-C8B02418D6AF}.Release|Any CPU.ActiveCfg = Release|Any CPU
		{81B72D2F-84E1-4141-A13E-C8B02418D6AF}.Release|Any CPU.Build.0 = Release|Any CPU
		{7D2DBEF1-5B70-49C8-BBF5-47819B433E75}.Debug|Any CPU.ActiveCfg = Debug|Any CPU
		{7D2DBEF1-5B70-49C8-BBF5-47819B433E75}.Debug|Any CPU.Build.0 = Debug|Any CPU
		{7D2DBEF1-5B70-49C8-BBF5-47819B433E75}.Release|Any CPU.ActiveCfg = Release|Any CPU
		{7D2DBEF1-5B70-49C8-BBF5-47819B433E75}.Release|Any CPU.Build.0 = Release|Any CPU
	EndGlobalSection
	GlobalSection(SolutionProperties) = preSolution
		HideSolutionNode = FALSE
	EndGlobalSection
EndGlobal
